
Microsoft Visual Studio Solution File, Format Version 12.00
# Visual Studio Version 16
VisualStudioVersion = 16.0.31205.134
MinimumVisualStudioVersion = 10.0.40219.1
Project("{2150E333-8FDC-42A3-9474-1A3956D46DE8}") = "01-Review of Visual CSharp Syntax", "01-Review of Visual CSharp Syntax", "{E7A60494-A398-4E85-AD7D-C38816FECE5D}"
EndProject
Project("{9A19103F-16F7-4668-BE54-9A1E7A4F7556}") = "Formacion.CSharp.ConsolaApp1", "Formacion.CSharp.ConsolaApp1\Formacion.CSharp.ConsolaApp1.csproj", "{C6503C4B-BF78-4544-A2B0-C4046CF55F5A}"
EndProject
Project("{2150E333-8FDC-42A3-9474-1A3956D46DE8}") = "02-Bucles", "02-Bucles", "{589B10CE-F5F0-4DF4-B375-6BF743DD970F}"
EndProject
Project("{FAE04EC0-301F-11D3-BF4B-00C04F79EFBC}") = "Formacion.CSharp.ConsolaApp2", "Formacion.CSharp.ConsolaApp2\Formacion.CSharp.ConsolaApp2.csproj", "{CE183089-8679-4F46-B6D7-282C09F02EDE}"
EndProject
Project("{2150E333-8FDC-42A3-9474-1A3956D46DE8}") = "03-Métodos", "03-Métodos", "{68E938A6-CFB5-4BC2-B5B2-1782B892E8B5}"
EndProject
Project("{FAE04EC0-301F-11D3-BF4B-00C04F79EFBC}") = "Formacion.CSharp.ConsolaApp3", "Formacion.CSharp.ConsolaApp3\Formacion.CSharp.ConsolaApp3.csproj", "{02C0F5F0-FF6F-4F07-8FF1-971EE484BA5E}"
EndProject
Global
	GlobalSection(SolutionConfigurationPlatforms) = preSolution
		Debug|Any CPU = Debug|Any CPU
		Release|Any CPU = Release|Any CPU
	EndGlobalSection
	GlobalSection(ProjectConfigurationPlatforms) = postSolution
		{C6503C4B-BF78-4544-A2B0-C4046CF55F5A}.Debug|Any CPU.ActiveCfg = Debug|Any CPU
		{C6503C4B-BF78-4544-A2B0-C4046CF55F5A}.Debug|Any CPU.Build.0 = Debug|Any CPU
		{C6503C4B-BF78-4544-A2B0-C4046CF55F5A}.Release|Any CPU.ActiveCfg = Release|Any CPU
		{C6503C4B-BF78-4544-A2B0-C4046CF55F5A}.Release|Any CPU.Build.0 = Release|Any CPU
		{CE183089-8679-4F46-B6D7-282C09F02EDE}.Debug|Any CPU.ActiveCfg = Debug|Any CPU
		{CE183089-8679-4F46-B6D7-282C09F02EDE}.Debug|Any CPU.Build.0 = Debug|Any CPU
		{CE183089-8679-4F46-B6D7-282C09F02EDE}.Release|Any CPU.ActiveCfg = Release|Any CPU
		{CE183089-8679-4F46-B6D7-282C09F02EDE}.Release|Any CPU.Build.0 = Release|Any CPU
		{02C0F5F0-FF6F-4F07-8FF1-971EE484BA5E}.Debug|Any CPU.ActiveCfg = Debug|Any CPU
		{02C0F5F0-FF6F-4F07-8FF1-971EE484BA5E}.Debug|Any CPU.Build.0 = Debug|Any CPU
		{02C0F5F0-FF6F-4F07-8FF1-971EE484BA5E}.Release|Any CPU.ActiveCfg = Release|Any CPU
		{02C0F5F0-FF6F-4F07-8FF1-971EE484BA5E}.Release|Any CPU.Build.0 = Release|Any CPU
	EndGlobalSection
	GlobalSection(SolutionProperties) = preSolution
		HideSolutionNode = FALSE
	EndGlobalSection
	GlobalSection(NestedProjects) = preSolution
		{C6503C4B-BF78-4544-A2B0-C4046CF55F5A} = {E7A60494-A398-4E85-AD7D-C38816FECE5D}
		{CE183089-8679-4F46-B6D7-282C09F02EDE} = {589B10CE-F5F0-4DF4-B375-6BF743DD970F}
		{02C0F5F0-FF6F-4F07-8FF1-971EE484BA5E} = {68E938A6-CFB5-4BC2-B5B2-1782B892E8B5}
	EndGlobalSection
	GlobalSection(ExtensibilityGlobals) = postSolution
		SolutionGuid = {DAE5164B-19AB-46D3-A3E5-4C3A68B294CC}
	EndGlobalSection
EndGlobal
