
Microsoft Visual Studio Solution File, Format Version 12.00
# Visual Studio Version 16
VisualStudioVersion = 16.0.31205.134
MinimumVisualStudioVersion = 10.0.40219.1
Project("{2150E333-8FDC-42A3-9474-1A3956D46DE8}") = "01-Review of Visual CSharp Syntax", "01-Review of Visual CSharp Syntax", "{E7A60494-A398-4E85-AD7D-C38816FECE5D}"
EndProject
Project("{9A19103F-16F7-4668-BE54-9A1E7A4F7556}") = "Formacion.CSharp.ConsolaApp1", "Formacion.CSharp.ConsolaApp1\Formacion.CSharp.ConsolaApp1.csproj", "{C6503C4B-BF78-4544-A2B0-C4046CF55F5A}"
EndProject
Project("{2150E333-8FDC-42A3-9474-1A3956D46DE8}") = "02-Bucles", "02-Bucles", "{589B10CE-F5F0-4DF4-B375-6BF743DD970F}"
EndProject
Project("{9A19103F-16F7-4668-BE54-9A1E7A4F7556}") = "Formacion.CSharp.ConsolaApp2", "Formacion.CSharp.ConsolaApp2\Formacion.CSharp.ConsolaApp2.csproj", "{CE183089-8679-4F46-B6D7-282C09F02EDE}"
EndProject
Project("{2150E333-8FDC-42A3-9474-1A3956D46DE8}") = "03-Métodos", "03-Métodos", "{68E938A6-CFB5-4BC2-B5B2-1782B892E8B5}"
EndProject
Project("{9A19103F-16F7-4668-BE54-9A1E7A4F7556}") = "Formacion.CSharp.ConsolaApp3", "Formacion.CSharp.ConsolaApp3\Formacion.CSharp.ConsolaApp3.csproj", "{02C0F5F0-FF6F-4F07-8FF1-971EE484BA5E}"
EndProject
Project("{2150E333-8FDC-42A3-9474-1A3956D46DE8}") = "05-MVC", "05-MVC", "{7EACE6D2-258D-4C6A-840E-EE4E4F5120F5}"
EndProject
Project("{9A19103F-16F7-4668-BE54-9A1E7A4F7556}") = "WebApplication1", "WebApplication1\WebApplication1.csproj", "{C4F70F8D-98E9-409D-9B9F-91F03D8581CE}"
EndProject
Project("{2150E333-8FDC-42A3-9474-1A3956D46DE8}") = "AA-Ejercicios", "AA-Ejercicios", "{14941928-E149-4D79-BDFC-8CF82291EBBC}"
EndProject
Project("{9A19103F-16F7-4668-BE54-9A1E7A4F7556}") = "A", "AA-Ejercicios\A\A.csproj", "{78572E33-CE74-4BE2-9A29-32CE96F9B1EE}"
EndProject
Project("{9A19103F-16F7-4668-BE54-9A1E7A4F7556}") = "B", "AA-Ejercicios\B\B.csproj", "{567DE68E-3F6A-42E7-985A-B0F38D411F20}"
EndProject
Project("{9A19103F-16F7-4668-BE54-9A1E7A4F7556}") = "C", "AA-Ejercicios\C\C.csproj", "{E0C9AE69-3A1E-411D-B533-8862B3CF00A4}"
EndProject
Project("{9A19103F-16F7-4668-BE54-9A1E7A4F7556}") = "D", "AA-Ejercicios\D\D.csproj", "{3FE5E963-824A-4C32-B6C3-3DAF3DBF9339}"
EndProject
Project("{9A19103F-16F7-4668-BE54-9A1E7A4F7556}") = "E", "AA-Ejercicios\E\E.csproj", "{6BF744A1-5CBF-46B5-8FC9-882BC111F402}"
EndProject
Project("{9A19103F-16F7-4668-BE54-9A1E7A4F7556}") = "F", "AA-Ejercicios\F\F.csproj", "{6B269DDD-B8D4-467F-B2F1-2B8A00FA4451}"
EndProject
Project("{9A19103F-16F7-4668-BE54-9A1E7A4F7556}") = "G", "AA-Ejercicios\G\G.csproj", "{0A606929-A5CB-49AA-A197-813A5B63BEC6}"
EndProject
Project("{9A19103F-16F7-4668-BE54-9A1E7A4F7556}") = "H", "AA-Ejercicios\H\H.csproj", "{797CA41A-DF00-4E3D-9DCC-A32BF2ABA56C}"
EndProject
Project("{9A19103F-16F7-4668-BE54-9A1E7A4F7556}") = "I", "AA-Ejercicios\I\I.csproj", "{7BA33CCF-67BC-482C-929D-542BDF36EF2F}"
EndProject
Project("{2150E333-8FDC-42A3-9474-1A3956D46DE8}") = "04-Excepciones", "04-Excepciones", "{3139298B-ABAA-45EE-8AE6-E4E28CA2B235}"
EndProject
Project("{9A19103F-16F7-4668-BE54-9A1E7A4F7556}") = "Excepciones", "Excepciones\Excepciones.csproj", "{A0E7D80E-E696-439C-A529-DA10F216CC8A}"
EndProject
Project("{2150E333-8FDC-42A3-9474-1A3956D46DE8}") = "06-Colecciones", "06-Colecciones", "{BC106D42-0146-41CE-80D4-DF7B175007F0}"
EndProject
Project("{9A19103F-16F7-4668-BE54-9A1E7A4F7556}") = "Colecciones", "Colecciones\Colecciones.csproj", "{E8F4A6F5-1CD2-47A4-9944-26EEBF25073F}"
EndProject
Project("{2150E333-8FDC-42A3-9474-1A3956D46DE8}") = "07-LINQ", "07-LINQ", "{1B462D18-AB65-4299-BC11-24F75AAC859F}"
EndProject
Project("{FAE04EC0-301F-11D3-BF4B-00C04F79EFBC}") = "Linq", "Linq\Linq.csproj", "{DCEB3993-D032-4BB8-AA59-C4989E2CCAA5}"
EndProject
Global
	GlobalSection(SolutionConfigurationPlatforms) = preSolution
		Debug|Any CPU = Debug|Any CPU
		Release|Any CPU = Release|Any CPU
	EndGlobalSection
	GlobalSection(ProjectConfigurationPlatforms) = postSolution
		{C6503C4B-BF78-4544-A2B0-C4046CF55F5A}.Debug|Any CPU.ActiveCfg = Debug|Any CPU
		{C6503C4B-BF78-4544-A2B0-C4046CF55F5A}.Debug|Any CPU.Build.0 = Debug|Any CPU
		{C6503C4B-BF78-4544-A2B0-C4046CF55F5A}.Release|Any CPU.ActiveCfg = Release|Any CPU
		{C6503C4B-BF78-4544-A2B0-C4046CF55F5A}.Release|Any CPU.Build.0 = Release|Any CPU
		{CE183089-8679-4F46-B6D7-282C09F02EDE}.Debug|Any CPU.ActiveCfg = Debug|Any CPU
		{CE183089-8679-4F46-B6D7-282C09F02EDE}.Debug|Any CPU.Build.0 = Debug|Any CPU
		{CE183089-8679-4F46-B6D7-282C09F02EDE}.Release|Any CPU.ActiveCfg = Release|Any CPU
		{CE183089-8679-4F46-B6D7-282C09F02EDE}.Release|Any CPU.Build.0 = Release|Any CPU
		{02C0F5F0-FF6F-4F07-8FF1-971EE484BA5E}.Debug|Any CPU.ActiveCfg = Debug|Any CPU
		{02C0F5F0-FF6F-4F07-8FF1-971EE484BA5E}.Debug|Any CPU.Build.0 = Debug|Any CPU
		{02C0F5F0-FF6F-4F07-8FF1-971EE484BA5E}.Release|Any CPU.ActiveCfg = Release|Any CPU
		{02C0F5F0-FF6F-4F07-8FF1-971EE484BA5E}.Release|Any CPU.Build.0 = Release|Any CPU
		{C4F70F8D-98E9-409D-9B9F-91F03D8581CE}.Debug|Any CPU.ActiveCfg = Debug|Any CPU
		{C4F70F8D-98E9-409D-9B9F-91F03D8581CE}.Debug|Any CPU.Build.0 = Debug|Any CPU
		{C4F70F8D-98E9-409D-9B9F-91F03D8581CE}.Release|Any CPU.ActiveCfg = Release|Any CPU
		{C4F70F8D-98E9-409D-9B9F-91F03D8581CE}.Release|Any CPU.Build.0 = Release|Any CPU
		{78572E33-CE74-4BE2-9A29-32CE96F9B1EE}.Debug|Any CPU.ActiveCfg = Debug|Any CPU
		{78572E33-CE74-4BE2-9A29-32CE96F9B1EE}.Debug|Any CPU.Build.0 = Debug|Any CPU
		{78572E33-CE74-4BE2-9A29-32CE96F9B1EE}.Release|Any CPU.ActiveCfg = Release|Any CPU
		{78572E33-CE74-4BE2-9A29-32CE96F9B1EE}.Release|Any CPU.Build.0 = Release|Any CPU
		{567DE68E-3F6A-42E7-985A-B0F38D411F20}.Debug|Any CPU.ActiveCfg = Debug|Any CPU
		{567DE68E-3F6A-42E7-985A-B0F38D411F20}.Debug|Any CPU.Build.0 = Debug|Any CPU
		{567DE68E-3F6A-42E7-985A-B0F38D411F20}.Release|Any CPU.ActiveCfg = Release|Any CPU
		{567DE68E-3F6A-42E7-985A-B0F38D411F20}.Release|Any CPU.Build.0 = Release|Any CPU
		{E0C9AE69-3A1E-411D-B533-8862B3CF00A4}.Debug|Any CPU.ActiveCfg = Debug|Any CPU
		{E0C9AE69-3A1E-411D-B533-8862B3CF00A4}.Debug|Any CPU.Build.0 = Debug|Any CPU
		{E0C9AE69-3A1E-411D-B533-8862B3CF00A4}.Release|Any CPU.ActiveCfg = Release|Any CPU
		{E0C9AE69-3A1E-411D-B533-8862B3CF00A4}.Release|Any CPU.Build.0 = Release|Any CPU
		{3FE5E963-824A-4C32-B6C3-3DAF3DBF9339}.Debug|Any CPU.ActiveCfg = Debug|Any CPU
		{3FE5E963-824A-4C32-B6C3-3DAF3DBF9339}.Debug|Any CPU.Build.0 = Debug|Any CPU
		{3FE5E963-824A-4C32-B6C3-3DAF3DBF9339}.Release|Any CPU.ActiveCfg = Release|Any CPU
		{3FE5E963-824A-4C32-B6C3-3DAF3DBF9339}.Release|Any CPU.Build.0 = Release|Any CPU
		{6BF744A1-5CBF-46B5-8FC9-882BC111F402}.Debug|Any CPU.ActiveCfg = Debug|Any CPU
		{6BF744A1-5CBF-46B5-8FC9-882BC111F402}.Debug|Any CPU.Build.0 = Debug|Any CPU
		{6BF744A1-5CBF-46B5-8FC9-882BC111F402}.Release|Any CPU.ActiveCfg = Release|Any CPU
		{6BF744A1-5CBF-46B5-8FC9-882BC111F402}.Release|Any CPU.Build.0 = Release|Any CPU
		{6B269DDD-B8D4-467F-B2F1-2B8A00FA4451}.Debug|Any CPU.ActiveCfg = Debug|Any CPU
		{6B269DDD-B8D4-467F-B2F1-2B8A00FA4451}.Debug|Any CPU.Build.0 = Debug|Any CPU
		{6B269DDD-B8D4-467F-B2F1-2B8A00FA4451}.Release|Any CPU.ActiveCfg = Release|Any CPU
		{6B269DDD-B8D4-467F-B2F1-2B8A00FA4451}.Release|Any CPU.Build.0 = Release|Any CPU
		{0A606929-A5CB-49AA-A197-813A5B63BEC6}.Debug|Any CPU.ActiveCfg = Debug|Any CPU
		{0A606929-A5CB-49AA-A197-813A5B63BEC6}.Debug|Any CPU.Build.0 = Debug|Any CPU
		{0A606929-A5CB-49AA-A197-813A5B63BEC6}.Release|Any CPU.ActiveCfg = Release|Any CPU
		{0A606929-A5CB-49AA-A197-813A5B63BEC6}.Release|Any CPU.Build.0 = Release|Any CPU
		{797CA41A-DF00-4E3D-9DCC-A32BF2ABA56C}.Debug|Any CPU.ActiveCfg = Debug|Any CPU
		{797CA41A-DF00-4E3D-9DCC-A32BF2ABA56C}.Debug|Any CPU.Build.0 = Debug|Any CPU
		{797CA41A-DF00-4E3D-9DCC-A32BF2ABA56C}.Release|Any CPU.ActiveCfg = Release|Any CPU
		{797CA41A-DF00-4E3D-9DCC-A32BF2ABA56C}.Release|Any CPU.Build.0 = Release|Any CPU
		{7BA33CCF-67BC-482C-929D-542BDF36EF2F}.Debug|Any CPU.ActiveCfg = Debug|Any CPU
		{7BA33CCF-67BC-482C-929D-542BDF36EF2F}.Debug|Any CPU.Build.0 = Debug|Any CPU
		{7BA33CCF-67BC-482C-929D-542BDF36EF2F}.Release|Any CPU.ActiveCfg = Release|Any CPU
		{7BA33CCF-67BC-482C-929D-542BDF36EF2F}.Release|Any CPU.Build.0 = Release|Any CPU
		{A0E7D80E-E696-439C-A529-DA10F216CC8A}.Debug|Any CPU.ActiveCfg = Debug|Any CPU
		{A0E7D80E-E696-439C-A529-DA10F216CC8A}.Debug|Any CPU.Build.0 = Debug|Any CPU
		{A0E7D80E-E696-439C-A529-DA10F216CC8A}.Release|Any CPU.ActiveCfg = Release|Any CPU
		{A0E7D80E-E696-439C-A529-DA10F216CC8A}.Release|Any CPU.Build.0 = Release|Any CPU
		{E8F4A6F5-1CD2-47A4-9944-26EEBF25073F}.Debug|Any CPU.ActiveCfg = Debug|Any CPU
		{E8F4A6F5-1CD2-47A4-9944-26EEBF25073F}.Debug|Any CPU.Build.0 = Debug|Any CPU
		{E8F4A6F5-1CD2-47A4-9944-26EEBF25073F}.Release|Any CPU.ActiveCfg = Release|Any CPU
		{E8F4A6F5-1CD2-47A4-9944-26EEBF25073F}.Release|Any CPU.Build.0 = Release|Any CPU
		{DCEB3993-D032-4BB8-AA59-C4989E2CCAA5}.Debug|Any CPU.ActiveCfg = Debug|Any CPU
		{DCEB3993-D032-4BB8-AA59-C4989E2CCAA5}.Debug|Any CPU.Build.0 = Debug|Any CPU
		{DCEB3993-D032-4BB8-AA59-C4989E2CCAA5}.Release|Any CPU.ActiveCfg = Release|Any CPU
		{DCEB3993-D032-4BB8-AA59-C4989E2CCAA5}.Release|Any CPU.Build.0 = Release|Any CPU
	EndGlobalSection
	GlobalSection(SolutionProperties) = preSolution
		HideSolutionNode = FALSE
	EndGlobalSection
	GlobalSection(NestedProjects) = preSolution
		{C6503C4B-BF78-4544-A2B0-C4046CF55F5A} = {E7A60494-A398-4E85-AD7D-C38816FECE5D}
		{CE183089-8679-4F46-B6D7-282C09F02EDE} = {589B10CE-F5F0-4DF4-B375-6BF743DD970F}
		{02C0F5F0-FF6F-4F07-8FF1-971EE484BA5E} = {68E938A6-CFB5-4BC2-B5B2-1782B892E8B5}
		{C4F70F8D-98E9-409D-9B9F-91F03D8581CE} = {7EACE6D2-258D-4C6A-840E-EE4E4F5120F5}
		{78572E33-CE74-4BE2-9A29-32CE96F9B1EE} = {14941928-E149-4D79-BDFC-8CF82291EBBC}
		{567DE68E-3F6A-42E7-985A-B0F38D411F20} = {14941928-E149-4D79-BDFC-8CF82291EBBC}
		{E0C9AE69-3A1E-411D-B533-8862B3CF00A4} = {14941928-E149-4D79-BDFC-8CF82291EBBC}
		{3FE5E963-824A-4C32-B6C3-3DAF3DBF9339} = {14941928-E149-4D79-BDFC-8CF82291EBBC}
		{6BF744A1-5CBF-46B5-8FC9-882BC111F402} = {14941928-E149-4D79-BDFC-8CF82291EBBC}
		{6B269DDD-B8D4-467F-B2F1-2B8A00FA4451} = {14941928-E149-4D79-BDFC-8CF82291EBBC}
		{0A606929-A5CB-49AA-A197-813A5B63BEC6} = {14941928-E149-4D79-BDFC-8CF82291EBBC}
		{797CA41A-DF00-4E3D-9DCC-A32BF2ABA56C} = {14941928-E149-4D79-BDFC-8CF82291EBBC}
		{7BA33CCF-67BC-482C-929D-542BDF36EF2F} = {14941928-E149-4D79-BDFC-8CF82291EBBC}
		{A0E7D80E-E696-439C-A529-DA10F216CC8A} = {3139298B-ABAA-45EE-8AE6-E4E28CA2B235}
		{E8F4A6F5-1CD2-47A4-9944-26EEBF25073F} = {BC106D42-0146-41CE-80D4-DF7B175007F0}
		{DCEB3993-D032-4BB8-AA59-C4989E2CCAA5} = {1B462D18-AB65-4299-BC11-24F75AAC859F}
	EndGlobalSection
	GlobalSection(ExtensibilityGlobals) = postSolution
		SolutionGuid = {DAE5164B-19AB-46D3-A3E5-4C3A68B294CC}
	EndGlobalSection
EndGlobal
